
Microsoft Visual Studio Solution File, Format Version 12.00
# Visual Studio Version 17
VisualStudioVersion = 17.10.35122.118
MinimumVisualStudioVersion = 10.0.40219.1
Project("{9A19103F-16F7-4668-BE54-9A1E7A4F7556}") = "ShopMvcApp_NPD211", "ShopMvcApp_NPD211\ShopMvcApp_NPD211.csproj", "{91DBEFD4-CFEB-49E6-B658-53DCC184FA74}"
EndProject
Project("{FAE04EC0-301F-11D3-BF4B-00C04F79EFBC}") = "Data", "Data\Data.csproj", "{0DAEB1A0-1E4F-4337-BB01-326C2D9759E3}"
EndProject
Global
	GlobalSection(SolutionConfigurationPlatforms) = preSolution
		Debug|Any CPU = Debug|Any CPU
		Release|Any CPU = Release|Any CPU
	EndGlobalSection
	GlobalSection(ProjectConfigurationPlatforms) = postSolution
		{91DBEFD4-CFEB-49E6-B658-53DCC184FA74}.Debug|Any CPU.ActiveCfg = Debug|Any CPU
		{91DBEFD4-CFEB-49E6-B658-53DCC184FA74}.Debug|Any CPU.Build.0 = Debug|Any CPU
		{91DBEFD4-CFEB-49E6-B658-53DCC184FA74}.Release|Any CPU.ActiveCfg = Release|Any CPU
		{91DBEFD4-CFEB-49E6-B658-53DCC184FA74}.Release|Any CPU.Build.0 = Release|Any CPU
		{0DAEB1A0-1E4F-4337-BB01-326C2D9759E3}.Debug|Any CPU.ActiveCfg = Debug|Any CPU
		{0DAEB1A0-1E4F-4337-BB01-326C2D9759E3}.Debug|Any CPU.Build.0 = Debug|Any CPU
		{0DAEB1A0-1E4F-4337-BB01-326C2D9759E3}.Release|Any CPU.ActiveCfg = Release|Any CPU
		{0DAEB1A0-1E4F-4337-BB01-326C2D9759E3}.Release|Any CPU.Build.0 = Release|Any CPU
	EndGlobalSection
	GlobalSection(SolutionProperties) = preSolution
		HideSolutionNode = FALSE
	EndGlobalSection
	GlobalSection(ExtensibilityGlobals) = postSolution
		SolutionGuid = {6613F736-5B56-4BBC-A19A-0B669E92097A}
	EndGlobalSection
EndGlobal
